
Microsoft Visual Studio Solution File, Format Version 12.00
# Visual Studio 15
VisualStudioVersion = 15.0.28307.1169
MinimumVisualStudioVersion = 10.0.40219.1
Project("{FAE04EC0-301F-11D3-BF4B-00C04F79EFBC}") = "FrameworkCore", "FrameworkCore\FrameworkCore.csproj", "{32505801-85B4-4333-AA02-92BF99FFD8D2}"
EndProject
Project("{FAE04EC0-301F-11D3-BF4B-00C04F79EFBC}") = "MyBlog.Business", "MyBlog.Business\MyBlog.Business.csproj", "{1289AD34-2075-4A69-A9CF-039579BD9FE3}"
EndProject
Project("{FAE04EC0-301F-11D3-BF4B-00C04F79EFBC}") = "MyBlog.DataAccsess", "MyBlog.DataAccsess\MyBlog.DataAccsess.csproj", "{67064287-D893-4FEE-A99B-8588CBB73D80}"
EndProject
Project("{FAE04EC0-301F-11D3-BF4B-00C04F79EFBC}") = "MyBlog.EntityFramework", "MyBlog.EntityFramework\MyBlog.EntityFramework.csproj", "{0DB5D174-42B2-440F-AA7D-505DD7B187E2}"
EndProject
Project("{FAE04EC0-301F-11D3-BF4B-00C04F79EFBC}") = "MyBlog.Mvc.UI", "MyBlog.Mvc.UI\MyBlog.Mvc.UI.csproj", "{DB9A758C-AD0A-47A7-81CA-FB1F42737559}"
EndProject
Global
	GlobalSection(SolutionConfigurationPlatforms) = preSolution
		Debug|Any CPU = Debug|Any CPU
		Release|Any CPU = Release|Any CPU
	EndGlobalSection
	GlobalSection(ProjectConfigurationPlatforms) = postSolution
		{32505801-85B4-4333-AA02-92BF99FFD8D2}.Debug|Any CPU.ActiveCfg = Debug|Any CPU
		{32505801-85B4-4333-AA02-92BF99FFD8D2}.Debug|Any CPU.Build.0 = Debug|Any CPU
		{32505801-85B4-4333-AA02-92BF99FFD8D2}.Release|Any CPU.ActiveCfg = Release|Any CPU
		{32505801-85B4-4333-AA02-92BF99FFD8D2}.Release|Any CPU.Build.0 = Release|Any CPU
		{1289AD34-2075-4A69-A9CF-039579BD9FE3}.Debug|Any CPU.ActiveCfg = Debug|Any CPU
		{1289AD34-2075-4A69-A9CF-039579BD9FE3}.Debug|Any CPU.Build.0 = Debug|Any CPU
		{1289AD34-2075-4A69-A9CF-039579BD9FE3}.Release|Any CPU.ActiveCfg = Release|Any CPU
		{1289AD34-2075-4A69-A9CF-039579BD9FE3}.Release|Any CPU.Build.0 = Release|Any CPU
		{67064287-D893-4FEE-A99B-8588CBB73D80}.Debug|Any CPU.ActiveCfg = Debug|Any CPU
		{67064287-D893-4FEE-A99B-8588CBB73D80}.Debug|Any CPU.Build.0 = Debug|Any CPU
		{67064287-D893-4FEE-A99B-8588CBB73D80}.Release|Any CPU.ActiveCfg = Release|Any CPU
		{67064287-D893-4FEE-A99B-8588CBB73D80}.Release|Any CPU.Build.0 = Release|Any CPU
		{0DB5D174-42B2-440F-AA7D-505DD7B187E2}.Debug|Any CPU.ActiveCfg = Debug|Any CPU
		{0DB5D174-42B2-440F-AA7D-505DD7B187E2}.Debug|Any CPU.Build.0 = Debug|Any CPU
		{0DB5D174-42B2-440F-AA7D-505DD7B187E2}.Release|Any CPU.ActiveCfg = Release|Any CPU
		{0DB5D174-42B2-440F-AA7D-505DD7B187E2}.Release|Any CPU.Build.0 = Release|Any CPU
		{DB9A758C-AD0A-47A7-81CA-FB1F42737559}.Debug|Any CPU.ActiveCfg = Debug|Any CPU
		{DB9A758C-AD0A-47A7-81CA-FB1F42737559}.Debug|Any CPU.Build.0 = Debug|Any CPU
		{DB9A758C-AD0A-47A7-81CA-FB1F42737559}.Release|Any CPU.ActiveCfg = Release|Any CPU
		{DB9A758C-AD0A-47A7-81CA-FB1F42737559}.Release|Any CPU.Build.0 = Release|Any CPU
	EndGlobalSection
	GlobalSection(SolutionProperties) = preSolution
		HideSolutionNode = FALSE
	EndGlobalSection
	GlobalSection(ExtensibilityGlobals) = postSolution
		SolutionGuid = {597A60F7-060B-4176-96B6-E062959B3763}
	EndGlobalSection
EndGlobal
